// !$*UTF8*$!
{
	archiveVersion = 1;
	classes = {
	};
	objectVersion = 46;
	objects = {

/* Begin PBXBuildFile section */
		A5C496F5187CE48000876544 /* Foundation.framework in Frameworks */ = {isa = PBXBuildFile; fileRef = A5C496F4187CE48000876544 /* Foundation.framework */; };
		A5C496F7187CE48000876544 /* CoreGraphics.framework in Frameworks */ = {isa = PBXBuildFile; fileRef = A5C496F6187CE48000876544 /* CoreGraphics.framework */; };
		A5C496F9187CE48000876544 /* UIKit.framework in Frameworks */ = {isa = PBXBuildFile; fileRef = A5C496F8187CE48000876544 /* UIKit.framework */; };
		A5C496FF187CE48000876544 /* InfoPlist.strings in Resources */ = {isa = PBXBuildFile; fileRef = A5C496FD187CE48000876544 /* InfoPlist.strings */; };
		A5C49701187CE48000876544 /* main.m in Sources */ = {isa = PBXBuildFile; fileRef = A5C49700187CE48000876544 /* main.m */; };
		A5C49705187CE48000876544 /* AppDelegate.m in Sources */ = {isa = PBXBuildFile; fileRef = A5C49704187CE48000876544 /* AppDelegate.m */; };
		A5C49708187CE48000876544 /* Main.storyboard in Resources */ = {isa = PBXBuildFile; fileRef = A5C49706187CE48000876544 /* Main.storyboard */; };
		A5C4970B187CE48000876544 /* ViewController.m in Sources */ = {isa = PBXBuildFile; fileRef = A5C4970A187CE48000876544 /* ViewController.m */; };
		A5C4970D187CE48000876544 /* Images.xcassets in Resources */ = {isa = PBXBuildFile; fileRef = A5C4970C187CE48000876544 /* Images.xcassets */; };
		A5C49714187CE48000876544 /* XCTest.framework in Frameworks */ = {isa = PBXBuildFile; fileRef = A5C49713187CE48000876544 /* XCTest.framework */; };
		A5C49715187CE48000876544 /* Foundation.framework in Frameworks */ = {isa = PBXBuildFile; fileRef = A5C496F4187CE48000876544 /* Foundation.framework */; };
		A5C49716187CE48000876544 /* UIKit.framework in Frameworks */ = {isa = PBXBuildFile; fileRef = A5C496F8187CE48000876544 /* UIKit.framework */; };
		A5C4971E187CE48000876544 /* InfoPlist.strings in Resources */ = {isa = PBXBuildFile; fileRef = A5C4971C187CE48000876544 /* InfoPlist.strings */; };
		A5C49720187CE48000876544 /* tomatoesTests.m in Sources */ = {isa = PBXBuildFile; fileRef = A5C4971F187CE48000876544 /* tomatoesTests.m */; };
/* End PBXBuildFile section */

/* Begin PBXContainerItemProxy section */
		A5C49717187CE48000876544 /* PBXContainerItemProxy */ = {
			isa = PBXContainerItemProxy;
			containerPortal = A5C496E9187CE48000876544 /* Project object */;
			proxyType = 1;
			remoteGlobalIDString = A5C496F0187CE48000876544;
			remoteInfo = tomatoes;
		};
/* End PBXContainerItemProxy section */

/* Begin PBXFileReference section */
		A5C496F1187CE48000876544 /* tomatoes.app */ = {isa = PBXFileReference; explicitFileType = wrapper.application; includeInIndex = 0; path = tomatoes.app; sourceTree = BUILT_PRODUCTS_DIR; };
		A5C496F4187CE48000876544 /* Foundation.framework */ = {isa = PBXFileReference; lastKnownFileType = wrapper.framework; name = Foundation.framework; path = System/Library/Frameworks/Foundation.framework; sourceTree = SDKROOT; };
		A5C496F6187CE48000876544 /* CoreGraphics.framework */ = {isa = PBXFileReference; lastKnownFileType = wrapper.framework; name = CoreGraphics.framework; path = System/Library/Frameworks/CoreGraphics.framework; sourceTree = SDKROOT; };
		A5C496F8187CE48000876544 /* UIKit.framework */ = {isa = PBXFileReference; lastKnownFileType = wrapper.framework; name = UIKit.framework; path = System/Library/Frameworks/UIKit.framework; sourceTree = SDKROOT; };
		A5C496FC187CE48000876544 /* tomatoes-Info.plist */ = {isa = PBXFileReference; lastKnownFileType = text.plist.xml; path = "tomatoes-Info.plist"; sourceTree = "<group>"; };
		A5C496FE187CE48000876544 /* en */ = {isa = PBXFileReference; lastKnownFileType = text.plist.strings; name = en; path = en.lproj/InfoPlist.strings; sourceTree = "<group>"; };
		A5C49700187CE48000876544 /* main.m */ = {isa = PBXFileReference; lastKnownFileType = sourcecode.c.objc; path = main.m; sourceTree = "<group>"; };
		A5C49702187CE48000876544 /* tomatoes-Prefix.pch */ = {isa = PBXFileReference; lastKnownFileType = sourcecode.c.h; path = "tomatoes-Prefix.pch"; sourceTree = "<group>"; };
		A5C49703187CE48000876544 /* AppDelegate.h */ = {isa = PBXFileReference; lastKnownFileType = sourcecode.c.h; path = AppDelegate.h; sourceTree = "<group>"; };
		A5C49704187CE48000876544 /* AppDelegate.m */ = {isa = PBXFileReference; lastKnownFileType = sourcecode.c.objc; path = AppDelegate.m; sourceTree = "<group>"; };
		A5C49707187CE48000876544 /* Base */ = {isa = PBXFileReference; lastKnownFileType = file.storyboard; name = Base; path = Base.lproj/Main.storyboard; sourceTree = "<group>"; };
		A5C49709187CE48000876544 /* ViewController.h */ = {isa = PBXFileReference; lastKnownFileType = sourcecode.c.h; path = ViewController.h; sourceTree = "<group>"; };
		A5C4970A187CE48000876544 /* ViewController.m */ = {isa = PBXFileReference; lastKnownFileType = sourcecode.c.objc; path = ViewController.m; sourceTree = "<group>"; };
		A5C4970C187CE48000876544 /* Images.xcassets */ = {isa = PBXFileReference; lastKnownFileType = folder.assetcatalog; path = Images.xcassets; sourceTree = "<group>"; };
		A5C49712187CE48000876544 /* tomatoesTests.xctest */ = {isa = PBXFileReference; explicitFileType = wrapper.cfbundle; includeInIndex = 0; path = tomatoesTests.xctest; sourceTree = BUILT_PRODUCTS_DIR; };
		A5C49713187CE48000876544 /* XCTest.framework */ = {isa = PBXFileReference; lastKnownFileType = wrapper.framework; name = XCTest.framework; path = Library/Frameworks/XCTest.framework; sourceTree = DEVELOPER_DIR; };
		A5C4971B187CE48000876544 /* tomatoesTests-Info.plist */ = {isa = PBXFileReference; lastKnownFileType = text.plist.xml; path = "tomatoesTests-Info.plist"; sourceTree = "<group>"; };
		A5C4971D187CE48000876544 /* en */ = {isa = PBXFileReference; lastKnownFileType = text.plist.strings; name = en; path = en.lproj/InfoPlist.strings; sourceTree = "<group>"; };
		A5C4971F187CE48000876544 /* tomatoesTests.m */ = {isa = PBXFileReference; lastKnownFileType = sourcecode.c.objc; path = tomatoesTests.m; sourceTree = "<group>"; };
/* End PBXFileReference section */

/* Begin PBXFrameworksBuildPhase section */
		A5C496EE187CE48000876544 /* Frameworks */ = {
			isa = PBXFrameworksBuildPhase;
			buildActionMask = 2147483647;
			files = (
				A5C496F7187CE48000876544 /* CoreGraphics.framework in Frameworks */,
				A5C496F9187CE48000876544 /* UIKit.framework in Frameworks */,
				A5C496F5187CE48000876544 /* Foundation.framework in Frameworks */,
			);
			runOnlyForDeploymentPostprocessing = 0;
		};
		A5C4970F187CE48000876544 /* Frameworks */ = {
			isa = PBXFrameworksBuildPhase;
			buildActionMask = 2147483647;
			files = (
				A5C49714187CE48000876544 /* XCTest.framework in Frameworks */,
				A5C49716187CE48000876544 /* UIKit.framework in Frameworks */,
				A5C49715187CE48000876544 /* Foundation.framework in Frameworks */,
			);
			runOnlyForDeploymentPostprocessing = 0;
		};
/* End PBXFrameworksBuildPhase section */

/* Begin PBXGroup section */
		A5C496E8187CE48000876544 = {
			isa = PBXGroup;
			children = (
				A5C496FA187CE48000876544 /* tomatoes */,
				A5C49719187CE48000876544 /* tomatoesTests */,
				A5C496F3187CE48000876544 /* Frameworks */,
				A5C496F2187CE48000876544 /* Products */,
			);
			sourceTree = "<group>";
		};
		A5C496F2187CE48000876544 /* Products */ = {
			isa = PBXGroup;
			children = (
				A5C496F1187CE48000876544 /* tomatoes.app */,
				A5C49712187CE48000876544 /* tomatoesTests.xctest */,
			);
			name = Products;
			sourceTree = "<group>";
		};
		A5C496F3187CE48000876544 /* Frameworks */ = {
			isa = PBXGroup;
			children = (
				A5C496F4187CE48000876544 /* Foundation.framework */,
				A5C496F6187CE48000876544 /* CoreGraphics.framework */,
				A5C496F8187CE48000876544 /* UIKit.framework */,
				A5C49713187CE48000876544 /* XCTest.framework */,
			);
			name = Frameworks;
			sourceTree = "<group>";
		};
		A5C496FA187CE48000876544 /* tomatoes */ = {
			isa = PBXGroup;
			children = (
				A5C49703187CE48000876544 /* AppDelegate.h */,
				A5C49704187CE48000876544 /* AppDelegate.m */,
				A5C49706187CE48000876544 /* Main.storyboard */,
				A5C49709187CE48000876544 /* ViewController.h */,
				A5C4970A187CE48000876544 /* ViewController.m */,
				A5C4970C187CE48000876544 /* Images.xcassets */,
				A5C496FB187CE48000876544 /* Supporting Files */,
			);
			path = tomatoes;
			sourceTree = "<group>";
		};
		A5C496FB187CE48000876544 /* Supporting Files */ = {
			isa = PBXGroup;
			children = (
				A5C496FC187CE48000876544 /* tomatoes-Info.plist */,
				A5C496FD187CE48000876544 /* InfoPlist.strings */,
				A5C49700187CE48000876544 /* main.m */,
				A5C49702187CE48000876544 /* tomatoes-Prefix.pch */,
			);
			name = "Supporting Files";
			sourceTree = "<group>";
		};
		A5C49719187CE48000876544 /* tomatoesTests */ = {
			isa = PBXGroup;
			children = (
				A5C4971F187CE48000876544 /* tomatoesTests.m */,
				A5C4971A187CE48000876544 /* Supporting Files */,
			);
			path = tomatoesTests;
			sourceTree = "<group>";
		};
		A5C4971A187CE48000876544 /* Supporting Files */ = {
			isa = PBXGroup;
			children = (
				A5C4971B187CE48000876544 /* tomatoesTests-Info.plist */,
				A5C4971C187CE48000876544 /* InfoPlist.strings */,
			);
			name = "Supporting Files";
			sourceTree = "<group>";
		};
/* End PBXGroup section */

/* Begin PBXNativeTarget section */
		A5C496F0187CE48000876544 /* tomatoes */ = {
			isa = PBXNativeTarget;
			buildConfigurationList = A5C49723187CE48000876544 /* Build configuration list for PBXNativeTarget "tomatoes" */;
			buildPhases = (
				A5C496ED187CE48000876544 /* Sources */,
				A5C496EE187CE48000876544 /* Frameworks */,
				A5C496EF187CE48000876544 /* Resources */,
			);
			buildRules = (
			);
			dependencies = (
			);
			name = tomatoes;
			productName = tomatoes;
			productReference = A5C496F1187CE48000876544 /* tomatoes.app */;
			productType = "com.apple.product-type.application";
		};
		A5C49711187CE48000876544 /* tomatoesTests */ = {
			isa = PBXNativeTarget;
			buildConfigurationList = A5C49726187CE48000876544 /* Build configuration list for PBXNativeTarget "tomatoesTests" */;
			buildPhases = (
				A5C4970E187CE48000876544 /* Sources */,
				A5C4970F187CE48000876544 /* Frameworks */,
				A5C49710187CE48000876544 /* Resources */,
			);
			buildRules = (
			);
			dependencies = (
				A5C49718187CE48000876544 /* PBXTargetDependency */,
			);
			name = tomatoesTests;
			productName = tomatoesTests;
			productReference = A5C49712187CE48000876544 /* tomatoesTests.xctest */;
			productType = "com.apple.product-type.bundle.unit-test";
		};
/* End PBXNativeTarget section */

/* Begin PBXProject section */
		A5C496E9187CE48000876544 /* Project object */ = {
			isa = PBXProject;
			attributes = {
				LastUpgradeCheck = 0500;
				ORGANIZATIONNAME = yahoo;
				TargetAttributes = {
					A5C49711187CE48000876544 = {
						TestTargetID = A5C496F0187CE48000876544;
					};
				};
			};
			buildConfigurationList = A5C496EC187CE48000876544 /* Build configuration list for PBXProject "tomatoes" */;
			compatibilityVersion = "Xcode 3.2";
			developmentRegion = English;
			hasScannedForEncodings = 0;
			knownRegions = (
				en,
				Base,
			);
			mainGroup = A5C496E8187CE48000876544;
			productRefGroup = A5C496F2187CE48000876544 /* Products */;
			projectDirPath = "";
			projectRoot = "";
			targets = (
				A5C496F0187CE48000876544 /* tomatoes */,
				A5C49711187CE48000876544 /* tomatoesTests */,
			);
		};
/* End PBXProject section */

/* Begin PBXResourcesBuildPhase section */
		A5C496EF187CE48000876544 /* Resources */ = {
			isa = PBXResourcesBuildPhase;
			buildActionMask = 2147483647;
			files = (
				A5C4970D187CE48000876544 /* Images.xcassets in Resources */,
				A5C496FF187CE48000876544 /* InfoPlist.strings in Resources */,
				A5C49708187CE48000876544 /* Main.storyboard in Resources */,
			);
			runOnlyForDeploymentPostprocessing = 0;
		};
		A5C49710187CE48000876544 /* Resources */ = {
			isa = PBXResourcesBuildPhase;
			buildActionMask = 2147483647;
			files = (
				A5C4971E187CE48000876544 /* InfoPlist.strings in Resources */,
			);
			runOnlyForDeploymentPostprocessing = 0;
		};
/* End PBXResourcesBuildPhase section */

/* Begin PBXSourcesBuildPhase section */
		A5C496ED187CE48000876544 /* Sources */ = {
			isa = PBXSourcesBuildPhase;
			buildActionMask = 2147483647;
			files = (
				A5C4970B187CE48000876544 /* ViewController.m in Sources */,
				A5C49705187CE48000876544 /* AppDelegate.m in Sources */,
				A5C49701187CE48000876544 /* main.m in Sources */,
			);
			runOnlyForDeploymentPostprocessing = 0;
		};
		A5C4970E187CE48000876544 /* Sources */ = {
			isa = PBXSourcesBuildPhase;
			buildActionMask = 2147483647;
			files = (
				A5C49720187CE48000876544 /* tomatoesTests.m in Sources */,
			);
			runOnlyForDeploymentPostprocessing = 0;
		};
/* End PBXSourcesBuildPhase section */

/* Begin PBXTargetDependency section */
		A5C49718187CE48000876544 /* PBXTargetDependency */ = {
			isa = PBXTargetDependency;
			target = A5C496F0187CE48000876544 /* tomatoes */;
			targetProxy = A5C49717187CE48000876544 /* PBXContainerItemProxy */;
		};
/* End PBXTargetDependency section */

/* Begin PBXVariantGroup section */
		A5C496FD187CE48000876544 /* InfoPlist.strings */ = {
			isa = PBXVariantGroup;
			children = (
				A5C496FE187CE48000876544 /* en */,
			);
			name = InfoPlist.strings;
			sourceTree = "<group>";
		};
		A5C49706187CE48000876544 /* Main.storyboard */ = {
			isa = PBXVariantGroup;
			children = (
				A5C49707187CE48000876544 /* Base */,
			);
			name = Main.storyboard;
			sourceTree = "<group>";
		};
		A5C4971C187CE48000876544 /* InfoPlist.strings */ = {
			isa = PBXVariantGroup;
			children = (
				A5C4971D187CE48000876544 /* en */,
			);
			name = InfoPlist.strings;
			sourceTree = "<group>";
		};
/* End PBXVariantGroup section */

/* Begin XCBuildConfiguration section */
		A5C49721187CE48000876544 /* Debug */ = {
			isa = XCBuildConfiguration;
			buildSettings = {
				ALWAYS_SEARCH_USER_PATHS = NO;
				ARCHS = "$(ARCHS_STANDARD_INCLUDING_64_BIT)";
				CLANG_CXX_LANGUAGE_STANDARD = "gnu++0x";
				CLANG_CXX_LIBRARY = "libc++";
				CLANG_ENABLE_MODULES = YES;
				CLANG_ENABLE_OBJC_ARC = YES;
				CLANG_WARN_BOOL_CONVERSION = YES;
				CLANG_WARN_CONSTANT_CONVERSION = YES;
				CLANG_WARN_DIRECT_OBJC_ISA_USAGE = YES_ERROR;
				CLANG_WARN_EMPTY_BODY = YES;
				CLANG_WARN_ENUM_CONVERSION = YES;
				CLANG_WARN_INT_CONVERSION = YES;
				CLANG_WARN_OBJC_ROOT_CLASS = YES_ERROR;
				CLANG_WARN__DUPLICATE_METHOD_MATCH = YES;
				"CODE_SIGN_IDENTITY[sdk=iphoneos*]" = "iPhone Developer";
				COPY_PHASE_STRIP = NO;
				GCC_C_LANGUAGE_STANDARD = gnu99;
				GCC_DYNAMIC_NO_PIC = NO;
				GCC_OPTIMIZATION_LEVEL = 0;
				GCC_PREPROCESSOR_DEFINITIONS = (
					"DEBUG=1",
					"$(inherited)",
				);
				GCC_SYMBOLS_PRIVATE_EXTERN = NO;
				GCC_WARN_64_TO_32_BIT_CONVERSION = YES;
				GCC_WARN_ABOUT_RETURN_TYPE = YES_ERROR;
				GCC_WARN_UNDECLARED_SELECTOR = YES;
				GCC_WARN_UNINITIALIZED_AUTOS = YES;
				GCC_WARN_UNUSED_FUNCTION = YES;
				GCC_WARN_UNUSED_VARIABLE = YES;
				IPHONEOS_DEPLOYMENT_TARGET = 7.0;
				ONLY_ACTIVE_ARCH = YES;
				SDKROOT = iphoneos;
			};
			name = Debug;
		};
		A5C49722187CE48000876544 /* Release */ = {
			isa = XCBuildConfiguration;
			buildSettings = {
				ALWAYS_SEARCH_USER_PATHS = NO;
				ARCHS = "$(ARCHS_STANDARD_INCLUDING_64_BIT)";
				CLANG_CXX_LANGUAGE_STANDARD = "gnu++0x";
				CLANG_CXX_LIBRARY = "libc++";
				CLANG_ENABLE_MODULES = YES;
				CLANG_ENABLE_OBJC_ARC = YES;
				CLANG_WARN_BOOL_CONVERSION = YES;
				CLANG_WARN_CONSTANT_CONVERSION = YES;
				CLANG_WARN_DIRECT_OBJC_ISA_USAGE = YES_ERROR;
				CLANG_WARN_EMPTY_BODY = YES;
				CLANG_WARN_ENUM_CONVERSION = YES;
				CLANG_WARN_INT_CONVERSION = YES;
				CLANG_WARN_OBJC_ROOT_CLASS = YES_ERROR;
				CLANG_WARN__DUPLICATE_METHOD_MATCH = YES;
				"CODE_SIGN_IDENTITY[sdk=iphoneos*]" = "iPhone Developer";
				COPY_PHASE_STRIP = YES;
				ENABLE_NS_ASSERTIONS = NO;
				GCC_C_LANGUAGE_STANDARD = gnu99;
				GCC_WARN_64_TO_32_BIT_CONVERSION = YES;
				GCC_WARN_ABOUT_RETURN_TYPE = YES_ERROR;
				GCC_WARN_UNDECLARED_SELECTOR = YES;
				GCC_WARN_UNINITIALIZED_AUTOS = YES;
				GCC_WARN_UNUSED_FUNCTION = YES;
				GCC_WARN_UNUSED_VARIABLE = YES;
				IPHONEOS_DEPLOYMENT_TARGET = 7.0;
				SDKROOT = iphoneos;
				VALIDATE_PRODUCT = YES;
			};
			name = Release;
		};
		A5C49724187CE48000876544 /* Debug */ = {
			isa = XCBuildConfiguration;
			buildSettings = {
				ASSETCATALOG_COMPILER_APPICON_NAME = AppIcon;
				ASSETCATALOG_COMPILER_LAUNCHIMAGE_NAME = LaunchImage;
				GCC_PRECOMPILE_PREFIX_HEADER = YES;
				GCC_PREFIX_HEADER = "tomatoes/tomatoes-Prefix.pch";
				INFOPLIST_FILE = "tomatoes/tomatoes-Info.plist";
				PRODUCT_NAME = "$(TARGET_NAME)";
				WRAPPER_EXTENSION = app;
			};
			name = Debug;
		};
		A5C49725187CE48000876544 /* Release */ = {
			isa = XCBuildConfiguration;
			buildSettings = {
				ASSETCATALOG_COMPILER_APPICON_NAME = AppIcon;
				ASSETCATALOG_COMPILER_LAUNCHIMAGE_NAME = LaunchImage;
				GCC_PRECOMPILE_PREFIX_HEADER = YES;
				GCC_PREFIX_HEADER = "tomatoes/tomatoes-Prefix.pch";
				INFOPLIST_FILE = "tomatoes/tomatoes-Info.plist";
				PRODUCT_NAME = "$(TARGET_NAME)";
				WRAPPER_EXTENSION = app;
			};
			name = Release;
		};
		A5C49727187CE48000876544 /* Debug */ = {
			isa = XCBuildConfiguration;
			buildSettings = {
				ARCHS = "$(ARCHS_STANDARD_INCLUDING_64_BIT)";
				BUNDLE_LOADER = "$(BUILT_PRODUCTS_DIR)/tomatoes.app/tomatoes";
				FRAMEWORK_SEARCH_PATHS = (
					"$(SDKROOT)/Developer/Library/Frameworks",
					"$(inherited)",
					"$(DEVELOPER_FRAMEWORKS_DIR)",
				);
				GCC_PRECOMPILE_PREFIX_HEADER = YES;
				GCC_PREFIX_HEADER = "tomatoes/tomatoes-Prefix.pch";
				GCC_PREPROCESSOR_DEFINITIONS = (
					"DEBUG=1",
					"$(inherited)",
				);
				INFOPLIST_FILE = "tomatoesTests/tomatoesTests-Info.plist";
				PRODUCT_NAME = "$(TARGET_NAME)";
				TEST_HOST = "$(BUNDLE_LOADER)";
				WRAPPER_EXTENSION = xctest;
			};
			name = Debug;
		};
		A5C49728187CE48000876544 /* Release */ = {
			isa = XCBuildConfiguration;
			buildSettings = {
				ARCHS = "$(ARCHS_STANDARD_INCLUDING_64_BIT)";
				BUNDLE_LOADER = "$(BUILT_PRODUCTS_DIR)/tomatoes.app/tomatoes";
				FRAMEWORK_SEARCH_PATHS = (
					"$(SDKROOT)/Developer/Library/Frameworks",
					"$(inherited)",
					"$(DEVELOPER_FRAMEWORKS_DIR)",
				);
				GCC_PRECOMPILE_PREFIX_HEADER = YES;
				GCC_PREFIX_HEADER = "tomatoes/tomatoes-Prefix.pch";
				INFOPLIST_FILE = "tomatoesTests/tomatoesTests-Info.plist";
				PRODUCT_NAME = "$(TARGET_NAME)";
				TEST_HOST = "$(BUNDLE_LOADER)";
				WRAPPER_EXTENSION = xctest;
			};
			name = Release;
		};
/* End XCBuildConfiguration section */

/* Begin XCConfigurationList section */
		A5C496EC187CE48000876544 /* Build configuration list for PBXProject "tomatoes" */ = {
			isa = XCConfigurationList;
			buildConfigurations = (
				A5C49721187CE48000876544 /* Debug */,
				A5C49722187CE48000876544 /* Release */,
			);
			defaultConfigurationIsVisible = 0;
			defaultConfigurationName = Release;
		};
		A5C49723187CE48000876544 /* Build configuration list for PBXNativeTarget "tomatoes" */ = {
			isa = XCConfigurationList;
			buildConfigurations = (
				A5C49724187CE48000876544 /* Debug */,
				A5C49725187CE48000876544 /* Release */,
			);
			defaultConfigurationIsVisible = 0;
		};
		A5C49726187CE48000876544 /* Build configuration list for PBXNativeTarget "tomatoesTests" */ = {
			isa = XCConfigurationList;
			buildConfigurations = (
				A5C49727187CE48000876544 /* Debug */,
				A5C49728187CE48000876544 /* Release */,
			);
			defaultConfigurationIsVisible = 0;
		};
/* End XCConfigurationList section */
	};
	rootObject = A5C496E9187CE48000876544 /* Project object */;
}
